// !$*UTF8*$!
{
	archiveVersion = 1;
	classes = {
	};
	objectVersion = 51;
	objects = {

/* Begin PBXBuildFile section */
		2D29EE092355E7D200CE1FFC /* HelloWord.xcdatamodeld in Sources */ = {isa = PBXBuildFile; fileRef = 2D29EE072355E7D200CE1FFC /* HelloWord.xcdatamodeld */; };
		2D52CEC52350457F00CBBD3D /* TextCell.swift in Sources */ = {isa = PBXBuildFile; fileRef = 2D52CEC42350457F00CBBD3D /* TextCell.swift */; };
		2D60EA87234F7072002B4887 /* Assets.xcassets in Resources */ = {isa = PBXBuildFile; fileRef = 2D60EA86234F7072002B4887 /* Assets.xcassets */; };
		2D60EA89234F7096002B4887 /* Document.swift in Sources */ = {isa = PBXBuildFile; fileRef = 2D60EA88234F7096002B4887 /* Document.swift */; };
		2D60EA8B234F70A4002B4887 /* DocumentBrowserViewController.swift in Sources */ = {isa = PBXBuildFile; fileRef = 2D60EA8A234F70A4002B4887 /* DocumentBrowserViewController.swift */; };
		2D60EA8D234F8C9E002B4887 /* UIViewControllerExtension.swift in Sources */ = {isa = PBXBuildFile; fileRef = 2D60EA8C234F8C9E002B4887 /* UIViewControllerExtension.swift */; };
		2D853F2D2338B9730008F84A /* AppDelegate.swift in Sources */ = {isa = PBXBuildFile; fileRef = 2D853F2C2338B9730008F84A /* AppDelegate.swift */; };
		2D853F512338B98E0008F84A /* CenterView.swift in Sources */ = {isa = PBXBuildFile; fileRef = 2D853F3F2338B98E0008F84A /* CenterView.swift */; };
		2D853F532338B98E0008F84A /* CGDrawingEngine.swift in Sources */ = {isa = PBXBuildFile; fileRef = 2D853F412338B98E0008F84A /* CGDrawingEngine.swift */; };
		2D853F542338B98E0008F84A /* CellView.swift in Sources */ = {isa = PBXBuildFile; fileRef = 2D853F422338B98E0008F84A /* CellView.swift */; };
		2D853F552338B98E0008F84A /* OutlineViewController.swift in Sources */ = {isa = PBXBuildFile; fileRef = 2D853F432338B98E0008F84A /* OutlineViewController.swift */; };
		2D853F562338B98E0008F84A /* RouletteCell.swift in Sources */ = {isa = PBXBuildFile; fileRef = 2D853F442338B98E0008F84A /* RouletteCell.swift */; };
		2D853F582338B98E0008F84A /* RouletteView.swift in Sources */ = {isa = PBXBuildFile; fileRef = 2D853F462338B98E0008F84A /* RouletteView.swift */; };
		2D853F5A2338B98E0008F84A /* Main.storyboard in Resources */ = {isa = PBXBuildFile; fileRef = 2D853F492338B98E0008F84A /* Main.storyboard */; };
		2D853F5B2338B98E0008F84A /* StrokeGestureRecognizer.swift in Sources */ = {isa = PBXBuildFile; fileRef = 2D853F4A2338B98E0008F84A /* StrokeGestureRecognizer.swift */; };
		2D853F5C2338B98E0008F84A /* CanvasContainerView.swift in Sources */ = {isa = PBXBuildFile; fileRef = 2D853F4B2338B98E0008F84A /* CanvasContainerView.swift */; };
		2D853F5E2338B98E0008F84A /* CGMathExtensions.swift in Sources */ = {isa = PBXBuildFile; fileRef = 2D853F4D2338B98E0008F84A /* CGMathExtensions.swift */; };
		2D853F602338B98E0008F84A /* UIColorExtensions.swift in Sources */ = {isa = PBXBuildFile; fileRef = 2D853F4F2338B98E0008F84A /* UIColorExtensions.swift */; };
		2D853F612338B98E0008F84A /* StrokeCollection.swift in Sources */ = {isa = PBXBuildFile; fileRef = 2D853F502338B98E0008F84A /* StrokeCollection.swift */; };
		2D853F662338BA410008F84A /* LaunchScreen.storyboard in Resources */ = {isa = PBXBuildFile; fileRef = 2D853F652338BA410008F84A /* LaunchScreen.storyboard */; };
		2DFB0D002353F7BF009C154D /* LinkTextView.swift in Sources */ = {isa = PBXBuildFile; fileRef = 2DFB0CFF2353F7BF009C154D /* LinkTextView.swift */; };
		2DFB0D04235459B1009C154D /* ImageOCR.swift in Sources */ = {isa = PBXBuildFile; fileRef = 2DFB0D02235459B0009C154D /* ImageOCR.swift */; };
		2DFB0D05235459B1009C154D /* OCRModel.swift in Sources */ = {isa = PBXBuildFile; fileRef = 2DFB0D03235459B0009C154D /* OCRModel.swift */; };
		2DFB0D0723546A3F009C154D /* ImageHelper.swift in Sources */ = {isa = PBXBuildFile; fileRef = 2DFB0D0623546A3F009C154D /* ImageHelper.swift */; };
		2DFB0D0923546A87009C154D /* ImageViewExtension.swift in Sources */ = {isa = PBXBuildFile; fileRef = 2DFB0D0823546A87009C154D /* ImageViewExtension.swift */; };
		62416022213608E6996AF4CD /* Pods_HelloWord.framework in Frameworks */ = {isa = PBXBuildFile; fileRef = A403EED29F809BF8D2AA9841 /* Pods_HelloWord.framework */; };
		C54498A523575A080000A231 /* SceneDelegate.swift in Sources */ = {isa = PBXBuildFile; fileRef = C54498A423575A080000A231 /* SceneDelegate.swift */; };
		C54498A723575A0C0000A231 /* Models.swift in Sources */ = {isa = PBXBuildFile; fileRef = C54498A623575A0C0000A231 /* Models.swift */; };
		C546C2A2234CC16D00E73B67 /* Parser.swift in Sources */ = {isa = PBXBuildFile; fileRef = C546C29E234CC16D00E73B67 /* Parser.swift */; };
		C546C2A3234CC16D00E73B67 /* Helloword.swift in Sources */ = {isa = PBXBuildFile; fileRef = C546C29F234CC16D00E73B67 /* Helloword.swift */; };
		C546C2A5234CC16D00E73B67 /* Word.swift in Sources */ = {isa = PBXBuildFile; fileRef = C546C2A1234CC16D00E73B67 /* Word.swift */; };
		C546C2A7234CC19200E73B67 /* TableDelegate.swift in Sources */ = {isa = PBXBuildFile; fileRef = C546C2A6234CC19200E73B67 /* TableDelegate.swift */; };
		C546C2EE234CC3D400E73B67 /* UIImageTintExtension.swift in Sources */ = {isa = PBXBuildFile; fileRef = C546C2D6234CC3D400E73B67 /* UIImageTintExtension.swift */; };
		C546C2EF234CC3D400E73B67 /* MLog.swift in Sources */ = {isa = PBXBuildFile; fileRef = C546C2D7234CC3D400E73B67 /* MLog.swift */; };
		C546C2F0234CC3D400E73B67 /* UIColorRainbowCrayonsExtension.swift in Sources */ = {isa = PBXBuildFile; fileRef = C546C2D8234CC3D400E73B67 /* UIColorRainbowCrayonsExtension.swift */; };
		C546C2F4234CC3D400E73B67 /* PresentationModel.swift in Sources */ = {isa = PBXBuildFile; fileRef = C546C2DE234CC3D400E73B67 /* PresentationModel.swift */; };
		C546C2F5234CC3D400E73B67 /* ColorModeModel.swift in Sources */ = {isa = PBXBuildFile; fileRef = C546C2DF234CC3D400E73B67 /* ColorModeModel.swift */; };
		C546C2F6234CC3D400E73B67 /* DesignerModel.swift in Sources */ = {isa = PBXBuildFile; fileRef = C546C2E0234CC3D400E73B67 /* DesignerModel.swift */; };
		C546C2F8234CC3D400E73B67 /* DesignerStub.swift in Sources */ = {isa = PBXBuildFile; fileRef = C546C2E3234CC3D400E73B67 /* DesignerStub.swift */; };
		C546C2F9234CC3D400E73B67 /* SingleSlideView.swift in Sources */ = {isa = PBXBuildFile; fileRef = C546C2E5234CC3D400E73B67 /* SingleSlideView.swift */; };
		C546C2FA234CC3D400E73B67 /* PageCollectionViewCell.swift in Sources */ = {isa = PBXBuildFile; fileRef = C546C2E6234CC3D400E73B67 /* PageCollectionViewCell.swift */; };
		C546C2FB234CC3D400E73B67 /* DesignerCollectionViewCell.swift in Sources */ = {isa = PBXBuildFile; fileRef = C546C2E7234CC3D400E73B67 /* DesignerCollectionViewCell.swift */; };
		C546C2FC234CC3D400E73B67 /* DesignerTemplate.swift in Sources */ = {isa = PBXBuildFile; fileRef = C546C2E9234CC3D400E73B67 /* DesignerTemplate.swift */; };
		C546C2FD234CC3D400E73B67 /* Designer.swift in Sources */ = {isa = PBXBuildFile; fileRef = C546C2EA234CC3D400E73B67 /* Designer.swift */; };
		C546C2FE234CC3D400E73B67 /* PageCollectionViewDelegate.swift in Sources */ = {isa = PBXBuildFile; fileRef = C546C2EC234CC3D400E73B67 /* PageCollectionViewDelegate.swift */; };
		C546C2FF234CC3D400E73B67 /* DesignerCollectionViewDelegate.swift in Sources */ = {isa = PBXBuildFile; fileRef = C546C2ED234CC3D400E73B67 /* DesignerCollectionViewDelegate.swift */; };
		C546C301234CC3FA00E73B67 /* SlideViewController.swift in Sources */ = {isa = PBXBuildFile; fileRef = C546C300234CC3FA00E73B67 /* SlideViewController.swift */; };
		D105CFE92356265600B87888 /* 001001.png in Resources */ = {isa = PBXBuildFile; fileRef = D105CFE82356265600B87888 /* 001001.png */; };
		D1400DA62355A849008BBDD0 /* DealwithDatabase.swift in Sources */ = {isa = PBXBuildFile; fileRef = D1400DA52355A849008BBDD0 /* DealwithDatabase.swift */; };
		D1400DB12355B707008BBDD0 /* PageInfo.swift in Sources */ = {isa = PBXBuildFile; fileRef = D1400DB02355B707008BBDD0 /* PageInfo.swift */; };
		D1400DB32355C599008BBDD0 /* extension.swift in Sources */ = {isa = PBXBuildFile; fileRef = D1400DB22355C599008BBDD0 /* extension.swift */; };
		D1400DB52355C99C008BBDD0 /* FluidTemplate.swift in Sources */ = {isa = PBXBuildFile; fileRef = D1400DB42355C99C008BBDD0 /* FluidTemplate.swift */; };
		EE26AFED2358B0920046BAE3 /* ExPPT.swift in Sources */ = {isa = PBXBuildFile; fileRef = EE26AFEC2358B0920046BAE3 /* ExPPT.swift */; };
		EE4E89742357173A007CAAEA /* i001011.png in Resources */ = {isa = PBXBuildFile; fileRef = EE4E896923571738007CAAEA /* i001011.png */; };
		EE4E89752357173A007CAAEA /* i001006.png in Resources */ = {isa = PBXBuildFile; fileRef = EE4E896A23571739007CAAEA /* i001006.png */; };
		EE4E89762357173A007CAAEA /* i001001.png in Resources */ = {isa = PBXBuildFile; fileRef = EE4E896B23571739007CAAEA /* i001001.png */; };
		EE4E89772357173A007CAAEA /* i001008.png in Resources */ = {isa = PBXBuildFile; fileRef = EE4E896C23571739007CAAEA /* i001008.png */; };
		EE4E89782357173A007CAAEA /* i001009.png in Resources */ = {isa = PBXBuildFile; fileRef = EE4E896D23571739007CAAEA /* i001009.png */; };
		EE4E89792357173A007CAAEA /* i001003.png in Resources */ = {isa = PBXBuildFile; fileRef = EE4E896E23571739007CAAEA /* i001003.png */; };
		EE4E897A2357173A007CAAEA /* i001004.png in Resources */ = {isa = PBXBuildFile; fileRef = EE4E896F23571739007CAAEA /* i001004.png */; };
		EE4E897B2357173A007CAAEA /* i001002.png in Resources */ = {isa = PBXBuildFile; fileRef = EE4E89702357173A007CAAEA /* i001002.png */; };
		EE4E897C2357173A007CAAEA /* i001005.png in Resources */ = {isa = PBXBuildFile; fileRef = EE4E89712357173A007CAAEA /* i001005.png */; };
		EE4E897D2357173A007CAAEA /* i001007.png in Resources */ = {isa = PBXBuildFile; fileRef = EE4E89722357173A007CAAEA /* i001007.png */; };
		EE4E897E2357173A007CAAEA /* i001010.png in Resources */ = {isa = PBXBuildFile; fileRef = EE4E89732357173A007CAAEA /* i001010.png */; };
		EE4E898023571A1E007CAAEA /* AddDatabase.swift in Sources */ = {isa = PBXBuildFile; fileRef = EE4E897F23571A1E007CAAEA /* AddDatabase.swift */; };
		EE961676235839D0001C1BA8 /* UIViewExtension.swift in Sources */ = {isa = PBXBuildFile; fileRef = EE961675235839D0001C1BA8 /* UIViewExtension.swift */; };
		EED318F32359BAAC00B45929 /* i002002.png in Resources */ = {isa = PBXBuildFile; fileRef = EED318E72359BAAB00B45929 /* i002002.png */; };
		EED318F42359BAAC00B45929 /* i002011.png in Resources */ = {isa = PBXBuildFile; fileRef = EED318E82359BAAB00B45929 /* i002011.png */; };
		EED318F52359BAAC00B45929 /* i002012.png in Resources */ = {isa = PBXBuildFile; fileRef = EED318E92359BAAB00B45929 /* i002012.png */; };
		EED318F62359BAAC00B45929 /* i002004.png in Resources */ = {isa = PBXBuildFile; fileRef = EED318EA2359BAAB00B45929 /* i002004.png */; };
		EED318F72359BAAC00B45929 /* i002010.png in Resources */ = {isa = PBXBuildFile; fileRef = EED318EB2359BAAB00B45929 /* i002010.png */; };
		EED318F82359BAAC00B45929 /* i002008.png in Resources */ = {isa = PBXBuildFile; fileRef = EED318EC2359BAAB00B45929 /* i002008.png */; };
		EED318F92359BAAC00B45929 /* i002006.png in Resources */ = {isa = PBXBuildFile; fileRef = EED318ED2359BAAB00B45929 /* i002006.png */; };
		EED318FA2359BAAC00B45929 /* i002007.png in Resources */ = {isa = PBXBuildFile; fileRef = EED318EE2359BAAB00B45929 /* i002007.png */; };
		EED318FB2359BAAC00B45929 /* i002003.png in Resources */ = {isa = PBXBuildFile; fileRef = EED318EF2359BAAC00B45929 /* i002003.png */; };
		EED318FC2359BAAC00B45929 /* i002009.png in Resources */ = {isa = PBXBuildFile; fileRef = EED318F02359BAAC00B45929 /* i002009.png */; };
		EED318FD2359BAAC00B45929 /* i002005.png in Resources */ = {isa = PBXBuildFile; fileRef = EED318F12359BAAC00B45929 /* i002005.png */; };
		EED318FE2359BAAC00B45929 /* i002001.png in Resources */ = {isa = PBXBuildFile; fileRef = EED318F22359BAAC00B45929 /* i002001.png */; };
		EED319172359BBAC00B45929 /* i004005.png in Resources */ = {isa = PBXBuildFile; fileRef = EED319112359BBAC00B45929 /* i004005.png */; };
		EED319182359BBAC00B45929 /* i004006.png in Resources */ = {isa = PBXBuildFile; fileRef = EED319122359BBAC00B45929 /* i004006.png */; };
		EED319192359BBAC00B45929 /* i004004.png in Resources */ = {isa = PBXBuildFile; fileRef = EED319132359BBAC00B45929 /* i004004.png */; };
		EED3191A2359BBAC00B45929 /* i004002.png in Resources */ = {isa = PBXBuildFile; fileRef = EED319142359BBAC00B45929 /* i004002.png */; };
		EED3191B2359BBAC00B45929 /* i004001.png in Resources */ = {isa = PBXBuildFile; fileRef = EED319152359BBAC00B45929 /* i004001.png */; };
		EED3191C2359BBAC00B45929 /* i004003.png in Resources */ = {isa = PBXBuildFile; fileRef = EED319162359BBAC00B45929 /* i004003.png */; };
		EED319262359BCDA00B45929 /* i003002.png in Resources */ = {isa = PBXBuildFile; fileRef = EED3191D2359BCD900B45929 /* i003002.png */; };
		EED319272359BCDA00B45929 /* i003006.png in Resources */ = {isa = PBXBuildFile; fileRef = EED3191E2359BCD900B45929 /* i003006.png */; };
		EED319282359BCDA00B45929 /* i003001.png in Resources */ = {isa = PBXBuildFile; fileRef = EED3191F2359BCD900B45929 /* i003001.png */; };
		EED319292359BCDA00B45929 /* i003009.png in Resources */ = {isa = PBXBuildFile; fileRef = EED319202359BCD900B45929 /* i003009.png */; };
		EED3192A2359BCDA00B45929 /* i003008.png in Resources */ = {isa = PBXBuildFile; fileRef = EED319212359BCD900B45929 /* i003008.png */; };
		EED3192B2359BCDA00B45929 /* i003007.png in Resources */ = {isa = PBXBuildFile; fileRef = EED319222359BCDA00B45929 /* i003007.png */; };
		EED3192C2359BCDA00B45929 /* i003003.png in Resources */ = {isa = PBXBuildFile; fileRef = EED319232359BCDA00B45929 /* i003003.png */; };
		EED3192D2359BCDA00B45929 /* i003004.png in Resources */ = {isa = PBXBuildFile; fileRef = EED319242359BCDA00B45929 /* i003004.png */; };
		EED3192E2359BCDA00B45929 /* i003005.png in Resources */ = {isa = PBXBuildFile; fileRef = EED319252359BCDA00B45929 /* i003005.png */; };
/* End PBXBuildFile section */

/* Begin PBXFileReference section */
		2D29EE082355E7D200CE1FFC /* DrawShape.xcdatamodel */ = {isa = PBXFileReference; lastKnownFileType = wrapper.xcdatamodel; path = DrawShape.xcdatamodel; sourceTree = "<group>"; };
		2D52CEC42350457F00CBBD3D /* TextCell.swift */ = {isa = PBXFileReference; lastKnownFileType = sourcecode.swift; name = TextCell.swift; path = ../Controls/TextCell.swift; sourceTree = "<group>"; };
		2D60EA86234F7072002B4887 /* Assets.xcassets */ = {isa = PBXFileReference; lastKnownFileType = folder.assetcatalog; path = Assets.xcassets; sourceTree = "<group>"; };
		2D60EA88234F7096002B4887 /* Document.swift */ = {isa = PBXFileReference; fileEncoding = 4; lastKnownFileType = sourcecode.swift; path = Document.swift; sourceTree = "<group>"; };
		2D60EA8A234F70A4002B4887 /* DocumentBrowserViewController.swift */ = {isa = PBXFileReference; fileEncoding = 4; lastKnownFileType = sourcecode.swift; path = DocumentBrowserViewController.swift; sourceTree = "<group>"; };
		2D60EA8C234F8C9E002B4887 /* UIViewControllerExtension.swift */ = {isa = PBXFileReference; lastKnownFileType = sourcecode.swift; path = UIViewControllerExtension.swift; sourceTree = "<group>"; };
		2D853F292338B9730008F84A /* HelloWord.app */ = {isa = PBXFileReference; explicitFileType = wrapper.application; includeInIndex = 0; path = HelloWord.app; sourceTree = BUILT_PRODUCTS_DIR; };
		2D853F2C2338B9730008F84A /* AppDelegate.swift */ = {isa = PBXFileReference; lastKnownFileType = sourcecode.swift; path = AppDelegate.swift; sourceTree = "<group>"; };
		2D853F382338B97A0008F84A /* Info.plist */ = {isa = PBXFileReference; lastKnownFileType = text.plist.xml; path = Info.plist; sourceTree = "<group>"; };
		2D853F3F2338B98E0008F84A /* CenterView.swift */ = {isa = PBXFileReference; fileEncoding = 4; lastKnownFileType = sourcecode.swift; path = CenterView.swift; sourceTree = "<group>"; };
		2D853F412338B98E0008F84A /* CGDrawingEngine.swift */ = {isa = PBXFileReference; fileEncoding = 4; lastKnownFileType = sourcecode.swift; path = CGDrawingEngine.swift; sourceTree = "<group>"; };
		2D853F422338B98E0008F84A /* CellView.swift */ = {isa = PBXFileReference; fileEncoding = 4; lastKnownFileType = sourcecode.swift; path = CellView.swift; sourceTree = "<group>"; };
		2D853F432338B98E0008F84A /* OutlineViewController.swift */ = {isa = PBXFileReference; fileEncoding = 4; lastKnownFileType = sourcecode.swift; path = OutlineViewController.swift; sourceTree = "<group>"; };
		2D853F442338B98E0008F84A /* RouletteCell.swift */ = {isa = PBXFileReference; fileEncoding = 4; lastKnownFileType = sourcecode.swift; name = RouletteCell.swift; path = ../Views/RouletteCell.swift; sourceTree = "<group>"; };
		2D853F462338B98E0008F84A /* RouletteView.swift */ = {isa = PBXFileReference; fileEncoding = 4; lastKnownFileType = sourcecode.swift; path = RouletteView.swift; sourceTree = "<group>"; };
		2D853F492338B98E0008F84A /* Main.storyboard */ = {isa = PBXFileReference; fileEncoding = 4; lastKnownFileType = file.storyboard; path = Main.storyboard; sourceTree = "<group>"; };
		2D853F4A2338B98E0008F84A /* StrokeGestureRecognizer.swift */ = {isa = PBXFileReference; fileEncoding = 4; lastKnownFileType = sourcecode.swift; path = StrokeGestureRecognizer.swift; sourceTree = "<group>"; };
		2D853F4B2338B98E0008F84A /* CanvasContainerView.swift */ = {isa = PBXFileReference; fileEncoding = 4; lastKnownFileType = sourcecode.swift; path = CanvasContainerView.swift; sourceTree = "<group>"; };
		2D853F4D2338B98E0008F84A /* CGMathExtensions.swift */ = {isa = PBXFileReference; fileEncoding = 4; lastKnownFileType = sourcecode.swift; path = CGMathExtensions.swift; sourceTree = "<group>"; };
		2D853F4F2338B98E0008F84A /* UIColorExtensions.swift */ = {isa = PBXFileReference; fileEncoding = 4; lastKnownFileType = sourcecode.swift; path = UIColorExtensions.swift; sourceTree = "<group>"; };
		2D853F502338B98E0008F84A /* StrokeCollection.swift */ = {isa = PBXFileReference; fileEncoding = 4; lastKnownFileType = sourcecode.swift; path = StrokeCollection.swift; sourceTree = "<group>"; };
		2D853F652338BA410008F84A /* LaunchScreen.storyboard */ = {isa = PBXFileReference; fileEncoding = 4; lastKnownFileType = file.storyboard; path = LaunchScreen.storyboard; sourceTree = "<group>"; };
		2DFB0CFF2353F7BF009C154D /* LinkTextView.swift */ = {isa = PBXFileReference; lastKnownFileType = sourcecode.swift; name = LinkTextView.swift; path = ../Controls/LinkTextView.swift; sourceTree = "<group>"; };
		2DFB0D02235459B0009C154D /* ImageOCR.swift */ = {isa = PBXFileReference; fileEncoding = 4; lastKnownFileType = sourcecode.swift; path = ImageOCR.swift; sourceTree = "<group>"; };
		2DFB0D03235459B0009C154D /* OCRModel.swift */ = {isa = PBXFileReference; fileEncoding = 4; lastKnownFileType = sourcecode.swift; path = OCRModel.swift; sourceTree = "<group>"; };
		2DFB0D0623546A3F009C154D /* ImageHelper.swift */ = {isa = PBXFileReference; lastKnownFileType = sourcecode.swift; path = ImageHelper.swift; sourceTree = "<group>"; };
		2DFB0D0823546A87009C154D /* ImageViewExtension.swift */ = {isa = PBXFileReference; lastKnownFileType = sourcecode.swift; path = ImageViewExtension.swift; sourceTree = "<group>"; };
		8D1B248A21DF5553F7280C61 /* Pods-HelloWord.release.xcconfig */ = {isa = PBXFileReference; includeInIndex = 1; lastKnownFileType = text.xcconfig; name = "Pods-HelloWord.release.xcconfig"; path = "Target Support Files/Pods-HelloWord/Pods-HelloWord.release.xcconfig"; sourceTree = "<group>"; };
		A403EED29F809BF8D2AA9841 /* Pods_HelloWord.framework */ = {isa = PBXFileReference; explicitFileType = wrapper.framework; includeInIndex = 0; path = Pods_HelloWord.framework; sourceTree = BUILT_PRODUCTS_DIR; };
		C240AC1F2929D8E0A239FBF7 /* Pods-HelloWord.debug.xcconfig */ = {isa = PBXFileReference; includeInIndex = 1; lastKnownFileType = text.xcconfig; name = "Pods-HelloWord.debug.xcconfig"; path = "Target Support Files/Pods-HelloWord/Pods-HelloWord.debug.xcconfig"; sourceTree = "<group>"; };
		C54498A423575A080000A231 /* SceneDelegate.swift */ = {isa = PBXFileReference; fileEncoding = 4; lastKnownFileType = sourcecode.swift; path = SceneDelegate.swift; sourceTree = "<group>"; };
		C54498A623575A0C0000A231 /* Models.swift */ = {isa = PBXFileReference; fileEncoding = 4; lastKnownFileType = sourcecode.swift; path = Models.swift; sourceTree = "<group>"; };
		C546C29E234CC16D00E73B67 /* Parser.swift */ = {isa = PBXFileReference; fileEncoding = 4; lastKnownFileType = sourcecode.swift; path = Parser.swift; sourceTree = "<group>"; };
		C546C29F234CC16D00E73B67 /* Helloword.swift */ = {isa = PBXFileReference; fileEncoding = 4; lastKnownFileType = sourcecode.swift; path = Helloword.swift; sourceTree = "<group>"; };
		C546C2A1234CC16D00E73B67 /* Word.swift */ = {isa = PBXFileReference; fileEncoding = 4; lastKnownFileType = sourcecode.swift; path = Word.swift; sourceTree = "<group>"; };
		C546C2A6234CC19200E73B67 /* TableDelegate.swift */ = {isa = PBXFileReference; fileEncoding = 4; lastKnownFileType = sourcecode.swift; path = TableDelegate.swift; sourceTree = "<group>"; };
		C546C2D6234CC3D400E73B67 /* UIImageTintExtension.swift */ = {isa = PBXFileReference; fileEncoding = 4; lastKnownFileType = sourcecode.swift; path = UIImageTintExtension.swift; sourceTree = "<group>"; };
		C546C2D7234CC3D400E73B67 /* MLog.swift */ = {isa = PBXFileReference; fileEncoding = 4; lastKnownFileType = sourcecode.swift; path = MLog.swift; sourceTree = "<group>"; };
		C546C2D8234CC3D400E73B67 /* UIColorRainbowCrayonsExtension.swift */ = {isa = PBXFileReference; fileEncoding = 4; lastKnownFileType = sourcecode.swift; path = UIColorRainbowCrayonsExtension.swift; sourceTree = "<group>"; };
		C546C2DE234CC3D400E73B67 /* PresentationModel.swift */ = {isa = PBXFileReference; fileEncoding = 4; lastKnownFileType = sourcecode.swift; path = PresentationModel.swift; sourceTree = "<group>"; };
		C546C2DF234CC3D400E73B67 /* ColorModeModel.swift */ = {isa = PBXFileReference; fileEncoding = 4; lastKnownFileType = sourcecode.swift; path = ColorModeModel.swift; sourceTree = "<group>"; };
		C546C2E0234CC3D400E73B67 /* DesignerModel.swift */ = {isa = PBXFileReference; fileEncoding = 4; lastKnownFileType = sourcecode.swift; path = DesignerModel.swift; sourceTree = "<group>"; };
		C546C2E3234CC3D400E73B67 /* DesignerStub.swift */ = {isa = PBXFileReference; fileEncoding = 4; lastKnownFileType = sourcecode.swift; path = DesignerStub.swift; sourceTree = "<group>"; };
		C546C2E5234CC3D400E73B67 /* SingleSlideView.swift */ = {isa = PBXFileReference; fileEncoding = 4; lastKnownFileType = sourcecode.swift; path = SingleSlideView.swift; sourceTree = "<group>"; };
		C546C2E6234CC3D400E73B67 /* PageCollectionViewCell.swift */ = {isa = PBXFileReference; fileEncoding = 4; lastKnownFileType = sourcecode.swift; path = PageCollectionViewCell.swift; sourceTree = "<group>"; };
		C546C2E7234CC3D400E73B67 /* DesignerCollectionViewCell.swift */ = {isa = PBXFileReference; fileEncoding = 4; lastKnownFileType = sourcecode.swift; path = DesignerCollectionViewCell.swift; sourceTree = "<group>"; };
		C546C2E9234CC3D400E73B67 /* DesignerTemplate.swift */ = {isa = PBXFileReference; fileEncoding = 4; lastKnownFileType = sourcecode.swift; path = DesignerTemplate.swift; sourceTree = "<group>"; };
		C546C2EA234CC3D400E73B67 /* Designer.swift */ = {isa = PBXFileReference; fileEncoding = 4; lastKnownFileType = sourcecode.swift; path = Designer.swift; sourceTree = "<group>"; };
		C546C2EC234CC3D400E73B67 /* PageCollectionViewDelegate.swift */ = {isa = PBXFileReference; fileEncoding = 4; lastKnownFileType = sourcecode.swift; path = PageCollectionViewDelegate.swift; sourceTree = "<group>"; };
		C546C2ED234CC3D400E73B67 /* DesignerCollectionViewDelegate.swift */ = {isa = PBXFileReference; fileEncoding = 4; lastKnownFileType = sourcecode.swift; path = DesignerCollectionViewDelegate.swift; sourceTree = "<group>"; };
		C546C300234CC3FA00E73B67 /* SlideViewController.swift */ = {isa = PBXFileReference; fileEncoding = 4; lastKnownFileType = sourcecode.swift; path = SlideViewController.swift; sourceTree = "<group>"; };
		D105CFE82356265600B87888 /* 001001.png */ = {isa = PBXFileReference; lastKnownFileType = image.png; path = 001001.png; sourceTree = "<group>"; };
		D1400DA52355A849008BBDD0 /* DealwithDatabase.swift */ = {isa = PBXFileReference; lastKnownFileType = sourcecode.swift; path = DealwithDatabase.swift; sourceTree = "<group>"; };
		D1400DB02355B707008BBDD0 /* PageInfo.swift */ = {isa = PBXFileReference; lastKnownFileType = sourcecode.swift; path = PageInfo.swift; sourceTree = "<group>"; };
		D1400DB22355C599008BBDD0 /* extension.swift */ = {isa = PBXFileReference; lastKnownFileType = sourcecode.swift; path = extension.swift; sourceTree = "<group>"; };
		D1400DB42355C99C008BBDD0 /* FluidTemplate.swift */ = {isa = PBXFileReference; lastKnownFileType = sourcecode.swift; path = FluidTemplate.swift; sourceTree = "<group>"; };
		EE26AFEC2358B0920046BAE3 /* ExPPT.swift */ = {isa = PBXFileReference; lastKnownFileType = sourcecode.swift; path = ExPPT.swift; sourceTree = "<group>"; };
		EE4E896923571738007CAAEA /* i001011.png */ = {isa = PBXFileReference; lastKnownFileType = image.png; path = i001011.png; sourceTree = "<group>"; };
		EE4E896A23571739007CAAEA /* i001006.png */ = {isa = PBXFileReference; lastKnownFileType = image.png; path = i001006.png; sourceTree = "<group>"; };
		EE4E896B23571739007CAAEA /* i001001.png */ = {isa = PBXFileReference; lastKnownFileType = image.png; path = i001001.png; sourceTree = "<group>"; };
		EE4E896C23571739007CAAEA /* i001008.png */ = {isa = PBXFileReference; lastKnownFileType = image.png; path = i001008.png; sourceTree = "<group>"; };
		EE4E896D23571739007CAAEA /* i001009.png */ = {isa = PBXFileReference; lastKnownFileType = image.png; path = i001009.png; sourceTree = "<group>"; };
		EE4E896E23571739007CAAEA /* i001003.png */ = {isa = PBXFileReference; lastKnownFileType = image.png; path = i001003.png; sourceTree = "<group>"; };
		EE4E896F23571739007CAAEA /* i001004.png */ = {isa = PBXFileReference; lastKnownFileType = image.png; path = i001004.png; sourceTree = "<group>"; };
		EE4E89702357173A007CAAEA /* i001002.png */ = {isa = PBXFileReference; lastKnownFileType = image.png; path = i001002.png; sourceTree = "<group>"; };
		EE4E89712357173A007CAAEA /* i001005.png */ = {isa = PBXFileReference; lastKnownFileType = image.png; path = i001005.png; sourceTree = "<group>"; };
		EE4E89722357173A007CAAEA /* i001007.png */ = {isa = PBXFileReference; lastKnownFileType = image.png; path = i001007.png; sourceTree = "<group>"; };
		EE4E89732357173A007CAAEA /* i001010.png */ = {isa = PBXFileReference; lastKnownFileType = image.png; path = i001010.png; sourceTree = "<group>"; };
		EE4E897F23571A1E007CAAEA /* AddDatabase.swift */ = {isa = PBXFileReference; lastKnownFileType = sourcecode.swift; path = AddDatabase.swift; sourceTree = "<group>"; };
		EE961675235839D0001C1BA8 /* UIViewExtension.swift */ = {isa = PBXFileReference; lastKnownFileType = sourcecode.swift; path = UIViewExtension.swift; sourceTree = "<group>"; };
		EED318E72359BAAB00B45929 /* i002002.png */ = {isa = PBXFileReference; lastKnownFileType = image.png; path = i002002.png; sourceTree = "<group>"; };
		EED318E82359BAAB00B45929 /* i002011.png */ = {isa = PBXFileReference; lastKnownFileType = image.png; path = i002011.png; sourceTree = "<group>"; };
		EED318E92359BAAB00B45929 /* i002012.png */ = {isa = PBXFileReference; lastKnownFileType = image.png; path = i002012.png; sourceTree = "<group>"; };
		EED318EA2359BAAB00B45929 /* i002004.png */ = {isa = PBXFileReference; lastKnownFileType = image.png; path = i002004.png; sourceTree = "<group>"; };
		EED318EB2359BAAB00B45929 /* i002010.png */ = {isa = PBXFileReference; lastKnownFileType = image.png; path = i002010.png; sourceTree = "<group>"; };
		EED318EC2359BAAB00B45929 /* i002008.png */ = {isa = PBXFileReference; lastKnownFileType = image.png; path = i002008.png; sourceTree = "<group>"; };
		EED318ED2359BAAB00B45929 /* i002006.png */ = {isa = PBXFileReference; lastKnownFileType = image.png; path = i002006.png; sourceTree = "<group>"; };
		EED318EE2359BAAB00B45929 /* i002007.png */ = {isa = PBXFileReference; lastKnownFileType = image.png; path = i002007.png; sourceTree = "<group>"; };
		EED318EF2359BAAC00B45929 /* i002003.png */ = {isa = PBXFileReference; lastKnownFileType = image.png; path = i002003.png; sourceTree = "<group>"; };
		EED318F02359BAAC00B45929 /* i002009.png */ = {isa = PBXFileReference; lastKnownFileType = image.png; path = i002009.png; sourceTree = "<group>"; };
		EED318F12359BAAC00B45929 /* i002005.png */ = {isa = PBXFileReference; lastKnownFileType = image.png; path = i002005.png; sourceTree = "<group>"; };
		EED318F22359BAAC00B45929 /* i002001.png */ = {isa = PBXFileReference; lastKnownFileType = image.png; path = i002001.png; sourceTree = "<group>"; };
		EED319112359BBAC00B45929 /* i004005.png */ = {isa = PBXFileReference; lastKnownFileType = image.png; path = i004005.png; sourceTree = "<group>"; };
		EED319122359BBAC00B45929 /* i004006.png */ = {isa = PBXFileReference; lastKnownFileType = image.png; path = i004006.png; sourceTree = "<group>"; };
		EED319132359BBAC00B45929 /* i004004.png */ = {isa = PBXFileReference; lastKnownFileType = image.png; path = i004004.png; sourceTree = "<group>"; };
		EED319142359BBAC00B45929 /* i004002.png */ = {isa = PBXFileReference; lastKnownFileType = image.png; path = i004002.png; sourceTree = "<group>"; };
		EED319152359BBAC00B45929 /* i004001.png */ = {isa = PBXFileReference; lastKnownFileType = image.png; path = i004001.png; sourceTree = "<group>"; };
		EED319162359BBAC00B45929 /* i004003.png */ = {isa = PBXFileReference; lastKnownFileType = image.png; path = i004003.png; sourceTree = "<group>"; };
		EED3191D2359BCD900B45929 /* i003002.png */ = {isa = PBXFileReference; lastKnownFileType = image.png; path = i003002.png; sourceTree = "<group>"; };
		EED3191E2359BCD900B45929 /* i003006.png */ = {isa = PBXFileReference; lastKnownFileType = image.png; path = i003006.png; sourceTree = "<group>"; };
		EED3191F2359BCD900B45929 /* i003001.png */ = {isa = PBXFileReference; lastKnownFileType = image.png; path = i003001.png; sourceTree = "<group>"; };
		EED319202359BCD900B45929 /* i003009.png */ = {isa = PBXFileReference; lastKnownFileType = image.png; path = i003009.png; sourceTree = "<group>"; };
		EED319212359BCD900B45929 /* i003008.png */ = {isa = PBXFileReference; lastKnownFileType = image.png; path = i003008.png; sourceTree = "<group>"; };
		EED319222359BCDA00B45929 /* i003007.png */ = {isa = PBXFileReference; lastKnownFileType = image.png; path = i003007.png; sourceTree = "<group>"; };
		EED319232359BCDA00B45929 /* i003003.png */ = {isa = PBXFileReference; lastKnownFileType = image.png; path = i003003.png; sourceTree = "<group>"; };
		EED319242359BCDA00B45929 /* i003004.png */ = {isa = PBXFileReference; lastKnownFileType = image.png; path = i003004.png; sourceTree = "<group>"; };
		EED319252359BCDA00B45929 /* i003005.png */ = {isa = PBXFileReference; lastKnownFileType = image.png; path = i003005.png; sourceTree = "<group>"; };
/* End PBXFileReference section */

/* Begin PBXFrameworksBuildPhase section */
		2D853F262338B9730008F84A /* Frameworks */ = {
			isa = PBXFrameworksBuildPhase;
			buildActionMask = 2147483647;
			files = (
				62416022213608E6996AF4CD /* Pods_HelloWord.framework in Frameworks */,
			);
			runOnlyForDeploymentPostprocessing = 0;
		};
/* End PBXFrameworksBuildPhase section */

/* Begin PBXGroup section */
		2D853F202338B9730008F84A = {
			isa = PBXGroup;
			children = (
				EE4E896823571718007CAAEA /* SourceFile */,
				D105CFE7235625AE00B87888 /* Sources */,
				2D853F2B2338B9730008F84A /* HelloWord */,
				2D853F2A2338B9730008F84A /* Products */,
				2E099054540240FB2EA732AF /* Pods */,
				3717D2F5664A51AADDAABC95 /* Frameworks */,
			);
			sourceTree = "<group>";
		};
		2D853F2A2338B9730008F84A /* Products */ = {
			isa = PBXGroup;
			children = (
				2D853F292338B9730008F84A /* HelloWord.app */,
			);
			name = Products;
			sourceTree = "<group>";
		};
		2D853F2B2338B9730008F84A /* HelloWord */ = {
			isa = PBXGroup;
			children = (
				2D853F492338B98E0008F84A /* Main.storyboard */,
				2DFB0D01235459B0009C154D /* Web */,
				C546C29A234CC09A00E73B67 /* Outline */,
				C546C29D234CC16D00E73B67 /* Parser */,
				C546C2D4234CC3D400E73B67 /* Slide */,
				D1400DA42355A7F6008BBDD0 /* Database */,
				2D853F672338BA490008F84A /* Supporting Files */,
				2D853F382338B97A0008F84A /* Info.plist */,
			);
			path = HelloWord;
			sourceTree = "<group>";
		};
		2D853F3E2338B98E0008F84A /* Views */ = {
			isa = PBXGroup;
			children = (
				2D52CEC42350457F00CBBD3D /* TextCell.swift */,
				2DFB0CFF2353F7BF009C154D /* LinkTextView.swift */,
				2D853F4B2338B98E0008F84A /* CanvasContainerView.swift */,
				2D853F3F2338B98E0008F84A /* CenterView.swift */,
				2D853F462338B98E0008F84A /* RouletteView.swift */,
				2D853F422338B98E0008F84A /* CellView.swift */,
			);
			path = Views;
			sourceTree = "<group>";
		};
		2D853F622338B9A90008F84A /* Controls */ = {
			isa = PBXGroup;
			children = (
				2D853F412338B98E0008F84A /* CGDrawingEngine.swift */,
				C546C2A6234CC19200E73B67 /* TableDelegate.swift */,
			);
			path = Controls;
			sourceTree = "<group>";
		};
		2D853F632338B9AF0008F84A /* Models */ = {
			isa = PBXGroup;
			children = (
				2D853F502338B98E0008F84A /* StrokeCollection.swift */,
				2D853F442338B98E0008F84A /* RouletteCell.swift */,
				2D853F4A2338B98E0008F84A /* StrokeGestureRecognizer.swift */,
			);
			path = Models;
			sourceTree = "<group>";
		};
		2D853F642338B9FD0008F84A /* Extensions */ = {
			isa = PBXGroup;
			children = (
				2D853F4F2338B98E0008F84A /* UIColorExtensions.swift */,
				2D853F4D2338B98E0008F84A /* CGMathExtensions.swift */,
				2D60EA8C234F8C9E002B4887 /* UIViewControllerExtension.swift */,
			);
			path = Extensions;
			sourceTree = "<group>";
		};
		2D853F672338BA490008F84A /* Supporting Files */ = {
			isa = PBXGroup;
			children = (
				2D29EE072355E7D200CE1FFC /* HelloWord.xcdatamodeld */,
				2D60EA86234F7072002B4887 /* Assets.xcassets */,
				C54498A623575A0C0000A231 /* Models.swift */,
				C54498A423575A080000A231 /* SceneDelegate.swift */,
				2DFB0D0623546A3F009C154D /* ImageHelper.swift */,
				2DFB0D0823546A87009C154D /* ImageViewExtension.swift */,
				2D60EA88234F7096002B4887 /* Document.swift */,
				2D60EA8A234F70A4002B4887 /* DocumentBrowserViewController.swift */,
				2D853F2C2338B9730008F84A /* AppDelegate.swift */,
				2D853F652338BA410008F84A /* LaunchScreen.storyboard */,
			);
			path = "Supporting Files";
			sourceTree = "<group>";
		};
		2DFB0D01235459B0009C154D /* Web */ = {
			isa = PBXGroup;
			children = (
				2DFB0D02235459B0009C154D /* ImageOCR.swift */,
				2DFB0D03235459B0009C154D /* OCRModel.swift */,
				EE26AFEC2358B0920046BAE3 /* ExPPT.swift */,
			);
			path = Web;
			sourceTree = "<group>";
		};
		2E099054540240FB2EA732AF /* Pods */ = {
			isa = PBXGroup;
			children = (
				C240AC1F2929D8E0A239FBF7 /* Pods-HelloWord.debug.xcconfig */,
				8D1B248A21DF5553F7280C61 /* Pods-HelloWord.release.xcconfig */,
			);
			path = Pods;
			sourceTree = "<group>";
		};
		3717D2F5664A51AADDAABC95 /* Frameworks */ = {
			isa = PBXGroup;
			children = (
				A403EED29F809BF8D2AA9841 /* Pods_HelloWord.framework */,
			);
			name = Frameworks;
			sourceTree = "<group>";
		};
		C546C29A234CC09A00E73B67 /* Outline */ = {
			isa = PBXGroup;
			children = (
				2D853F432338B98E0008F84A /* OutlineViewController.swift */,
				2D853F622338B9A90008F84A /* Controls */,
				2D853F3E2338B98E0008F84A /* Views */,
				2D853F632338B9AF0008F84A /* Models */,
				2D853F642338B9FD0008F84A /* Extensions */,
			);
			path = Outline;
			sourceTree = "<group>";
		};
		C546C29D234CC16D00E73B67 /* Parser */ = {
			isa = PBXGroup;
			children = (
				C546C29E234CC16D00E73B67 /* Parser.swift */,
				C546C29F234CC16D00E73B67 /* Helloword.swift */,
				C546C2A1234CC16D00E73B67 /* Word.swift */,
				D1400DB22355C599008BBDD0 /* extension.swift */,
				D1400DB42355C99C008BBDD0 /* FluidTemplate.swift */,
			);
			path = Parser;
			sourceTree = "<group>";
		};
		C546C2D4234CC3D400E73B67 /* Slide */ = {
			isa = PBXGroup;
			children = (
				C546C300234CC3FA00E73B67 /* SlideViewController.swift */,
				C546C2DD234CC3D400E73B67 /* model */,
				C546C2E1234CC3D400E73B67 /* stub */,
				C546C2E4234CC3D400E73B67 /* view */,
				C546C2D5234CC3D400E73B67 /* util */,
				C546C2E8234CC3D400E73B67 /* designer */,
				C546C2EB234CC3D400E73B67 /* control */,
			);
			path = Slide;
			sourceTree = "<group>";
		};
		C546C2D5234CC3D400E73B67 /* util */ = {
			isa = PBXGroup;
			children = (
				C546C2D6234CC3D400E73B67 /* UIImageTintExtension.swift */,
				C546C2D7234CC3D400E73B67 /* MLog.swift */,
				C546C2D8234CC3D400E73B67 /* UIColorRainbowCrayonsExtension.swift */,
				EE961675235839D0001C1BA8 /* UIViewExtension.swift */,
			);
			path = util;
			sourceTree = "<group>";
		};
		C546C2DD234CC3D400E73B67 /* model */ = {
			isa = PBXGroup;
			children = (
				C546C2DE234CC3D400E73B67 /* PresentationModel.swift */,
				C546C2DF234CC3D400E73B67 /* ColorModeModel.swift */,
				C546C2E0234CC3D400E73B67 /* DesignerModel.swift */,
			);
			path = model;
			sourceTree = "<group>";
		};
		C546C2E1234CC3D400E73B67 /* stub */ = {
			isa = PBXGroup;
			children = (
				C546C2E3234CC3D400E73B67 /* DesignerStub.swift */,
			);
			path = stub;
			sourceTree = "<group>";
		};
		C546C2E4234CC3D400E73B67 /* view */ = {
			isa = PBXGroup;
			children = (
				C546C2E5234CC3D400E73B67 /* SingleSlideView.swift */,
				C546C2E6234CC3D400E73B67 /* PageCollectionViewCell.swift */,
				C546C2E7234CC3D400E73B67 /* DesignerCollectionViewCell.swift */,
			);
			path = view;
			sourceTree = "<group>";
		};
		C546C2E8234CC3D400E73B67 /* designer */ = {
			isa = PBXGroup;
			children = (
				C546C2E9234CC3D400E73B67 /* DesignerTemplate.swift */,
				C546C2EA234CC3D400E73B67 /* Designer.swift */,
			);
			path = designer;
			sourceTree = "<group>";
		};
		C546C2EB234CC3D400E73B67 /* control */ = {
			isa = PBXGroup;
			children = (
				C546C2EC234CC3D400E73B67 /* PageCollectionViewDelegate.swift */,
				C546C2ED234CC3D400E73B67 /* DesignerCollectionViewDelegate.swift */,
			);
			path = control;
			sourceTree = "<group>";
		};
		D105CFE7235625AE00B87888 /* Sources */ = {
			isa = PBXGroup;
			children = (
				D105CFE82356265600B87888 /* 001001.png */,
			);
			path = Sources;
			sourceTree = "<group>";
		};
		D1400DA42355A7F6008BBDD0 /* Database */ = {
			isa = PBXGroup;
			children = (
				D1400DA52355A849008BBDD0 /* DealwithDatabase.swift */,
				D1400DB02355B707008BBDD0 /* PageInfo.swift */,
				EE4E897F23571A1E007CAAEA /* AddDatabase.swift */,
			);
			path = Database;
			sourceTree = "<group>";
		};
		EE4E896823571718007CAAEA /* SourceFile */ = {
			isa = PBXGroup;
			children = (
				EE4E896B23571739007CAAEA /* i001001.png */,
				EE4E89702357173A007CAAEA /* i001002.png */,
				EE4E896E23571739007CAAEA /* i001003.png */,
				EE4E896F23571739007CAAEA /* i001004.png */,
				EE4E89712357173A007CAAEA /* i001005.png */,
				EE4E896A23571739007CAAEA /* i001006.png */,
				EE4E89722357173A007CAAEA /* i001007.png */,
				EE4E896C23571739007CAAEA /* i001008.png */,
				EE4E896D23571739007CAAEA /* i001009.png */,
				EE4E89732357173A007CAAEA /* i001010.png */,
				EE4E896923571738007CAAEA /* i001011.png */,
				EED318F22359BAAC00B45929 /* i002001.png */,
				EED318E72359BAAB00B45929 /* i002002.png */,
				EED318EF2359BAAC00B45929 /* i002003.png */,
				EED318EA2359BAAB00B45929 /* i002004.png */,
				EED318F12359BAAC00B45929 /* i002005.png */,
				EED318ED2359BAAB00B45929 /* i002006.png */,
				EED318EE2359BAAB00B45929 /* i002007.png */,
				EED318EC2359BAAB00B45929 /* i002008.png */,
				EED318F02359BAAC00B45929 /* i002009.png */,
				EED318EB2359BAAB00B45929 /* i002010.png */,
				EED318E82359BAAB00B45929 /* i002011.png */,
				EED318E92359BAAB00B45929 /* i002012.png */,
				EED3191F2359BCD900B45929 /* i003001.png */,
				EED3191D2359BCD900B45929 /* i003002.png */,
				EED319232359BCDA00B45929 /* i003003.png */,
				EED319242359BCDA00B45929 /* i003004.png */,
				EED319252359BCDA00B45929 /* i003005.png */,
				EED3191E2359BCD900B45929 /* i003006.png */,
				EED319222359BCDA00B45929 /* i003007.png */,
				EED319212359BCD900B45929 /* i003008.png */,
				EED319202359BCD900B45929 /* i003009.png */,
				EED319152359BBAC00B45929 /* i004001.png */,
				EED319142359BBAC00B45929 /* i004002.png */,
				EED319162359BBAC00B45929 /* i004003.png */,
				EED319132359BBAC00B45929 /* i004004.png */,
				EED319112359BBAC00B45929 /* i004005.png */,
				EED319122359BBAC00B45929 /* i004006.png */,
			);
			path = SourceFile;
			sourceTree = "<group>";
		};
/* End PBXGroup section */

/* Begin PBXNativeTarget section */
		2D853F282338B9730008F84A /* HelloWord */ = {
			isa = PBXNativeTarget;
			buildConfigurationList = 2D853F3B2338B97A0008F84A /* Build configuration list for PBXNativeTarget "HelloWord" */;
			buildPhases = (
				31D735FDCBA169DA265005A6 /* [CP] Check Pods Manifest.lock */,
				2D853F252338B9730008F84A /* Sources */,
				2D853F262338B9730008F84A /* Frameworks */,
				2D853F272338B9730008F84A /* Resources */,
				FB826E0259B2485A00B6246D /* [CP] Embed Pods Frameworks */,
			);
			buildRules = (
			);
			dependencies = (
			);
			name = HelloWord;
			productName = HelloWord;
			productReference = 2D853F292338B9730008F84A /* HelloWord.app */;
			productType = "com.apple.product-type.application";
		};
/* End PBXNativeTarget section */

/* Begin PBXProject section */
		2D853F212338B9730008F84A /* Project object */ = {
			isa = PBXProject;
			attributes = {
				LastSwiftUpdateCheck = 1030;
				LastUpgradeCheck = 1030;
				ORGANIZATIONNAME = HelloWord;
				TargetAttributes = {
					2D853F282338B9730008F84A = {
						CreatedOnToolsVersion = 10.3;
					};
				};
			};
			buildConfigurationList = 2D853F242338B9730008F84A /* Build configuration list for PBXProject "HelloWord" */;
			compatibilityVersion = "Xcode 9.3";
			developmentRegion = en;
			hasScannedForEncodings = 0;
			knownRegions = (
				en,
				Base,
			);
			mainGroup = 2D853F202338B9730008F84A;
			productRefGroup = 2D853F2A2338B9730008F84A /* Products */;
			projectDirPath = "";
			projectRoot = "";
			targets = (
				2D853F282338B9730008F84A /* HelloWord */,
			);
		};
/* End PBXProject section */

/* Begin PBXResourcesBuildPhase section */
		2D853F272338B9730008F84A /* Resources */ = {
			isa = PBXResourcesBuildPhase;
			buildActionMask = 2147483647;
			files = (
				EE4E897C2357173A007CAAEA /* i001005.png in Resources */,
				EED3192B2359BCDA00B45929 /* i003007.png in Resources */,
				EE4E89772357173A007CAAEA /* i001008.png in Resources */,
				EE4E89782357173A007CAAEA /* i001009.png in Resources */,
				EED318F42359BAAC00B45929 /* i002011.png in Resources */,
				EED319262359BCDA00B45929 /* i003002.png in Resources */,
				EED318FB2359BAAC00B45929 /* i002003.png in Resources */,
				EE4E897D2357173A007CAAEA /* i001007.png in Resources */,
				EED319282359BCDA00B45929 /* i003001.png in Resources */,
				EED318FA2359BAAC00B45929 /* i002007.png in Resources */,
				2D853F662338BA410008F84A /* LaunchScreen.storyboard in Resources */,
				2D60EA87234F7072002B4887 /* Assets.xcassets in Resources */,
				EE4E89742357173A007CAAEA /* i001011.png in Resources */,
				EED3191A2359BBAC00B45929 /* i004002.png in Resources */,
				EED3192D2359BCDA00B45929 /* i003004.png in Resources */,
				2D853F5A2338B98E0008F84A /* Main.storyboard in Resources */,
				EED319182359BBAC00B45929 /* i004006.png in Resources */,
				EED319192359BBAC00B45929 /* i004004.png in Resources */,
				EE4E89752357173A007CAAEA /* i001006.png in Resources */,
				EE4E89792357173A007CAAEA /* i001003.png in Resources */,
				EED319172359BBAC00B45929 /* i004005.png in Resources */,
				EED318F92359BAAC00B45929 /* i002006.png in Resources */,
				D105CFE92356265600B87888 /* 001001.png in Resources */,
				EED318F32359BAAC00B45929 /* i002002.png in Resources */,
				EED318F62359BAAC00B45929 /* i002004.png in Resources */,
				EE4E897A2357173A007CAAEA /* i001004.png in Resources */,
				EED3191C2359BBAC00B45929 /* i004003.png in Resources */,
				EE4E897B2357173A007CAAEA /* i001002.png in Resources */,
				EED318F82359BAAC00B45929 /* i002008.png in Resources */,
				EE4E897E2357173A007CAAEA /* i001010.png in Resources */,
				EED318FC2359BAAC00B45929 /* i002009.png in Resources */,
				EED3192E2359BCDA00B45929 /* i003005.png in Resources */,
				EED318FD2359BAAC00B45929 /* i002005.png in Resources */,
				EED318F52359BAAC00B45929 /* i002012.png in Resources */,
				EED318F72359BAAC00B45929 /* i002010.png in Resources */,
				EED318FE2359BAAC00B45929 /* i002001.png in Resources */,
				EE4E89762357173A007CAAEA /* i001001.png in Resources */,
				EED3191B2359BBAC00B45929 /* i004001.png in Resources */,
				EED319292359BCDA00B45929 /* i003009.png in Resources */,
				EED3192C2359BCDA00B45929 /* i003003.png in Resources */,
				EED3192A2359BCDA00B45929 /* i003008.png in Resources */,
				EED319272359BCDA00B45929 /* i003006.png in Resources */,
			);
			runOnlyForDeploymentPostprocessing = 0;
		};
/* End PBXResourcesBuildPhase section */

/* Begin PBXShellScriptBuildPhase section */
		31D735FDCBA169DA265005A6 /* [CP] Check Pods Manifest.lock */ = {
			isa = PBXShellScriptBuildPhase;
			buildActionMask = 2147483647;
			files = (
			);
			inputFileListPaths = (
			);
			inputPaths = (
				"${PODS_PODFILE_DIR_PATH}/Podfile.lock",
				"${PODS_ROOT}/Manifest.lock",
			);
			name = "[CP] Check Pods Manifest.lock";
			outputFileListPaths = (
			);
			outputPaths = (
				"$(DERIVED_FILE_DIR)/Pods-HelloWord-checkManifestLockResult.txt",
			);
			runOnlyForDeploymentPostprocessing = 0;
			shellPath = /bin/sh;
			shellScript = "diff \"${PODS_PODFILE_DIR_PATH}/Podfile.lock\" \"${PODS_ROOT}/Manifest.lock\" > /dev/null\nif [ $? != 0 ] ; then\n    # print error to STDERR\n    echo \"error: The sandbox is not in sync with the Podfile.lock. Run 'pod install' or update your CocoaPods installation.\" >&2\n    exit 1\nfi\n# This output is used by Xcode 'outputs' to avoid re-running this script phase.\necho \"SUCCESS\" > \"${SCRIPT_OUTPUT_FILE_0}\"\n";
			showEnvVarsInLog = 0;
		};
		FB826E0259B2485A00B6246D /* [CP] Embed Pods Frameworks */ = {
			isa = PBXShellScriptBuildPhase;
			buildActionMask = 2147483647;
			files = (
			);
			inputFileListPaths = (
				"${PODS_ROOT}/Target Support Files/Pods-HelloWord/Pods-HelloWord-frameworks-${CONFIGURATION}-input-files.xcfilelist",
			);
			name = "[CP] Embed Pods Frameworks";
			outputFileListPaths = (
				"${PODS_ROOT}/Target Support Files/Pods-HelloWord/Pods-HelloWord-frameworks-${CONFIGURATION}-output-files.xcfilelist",
			);
			runOnlyForDeploymentPostprocessing = 0;
			shellPath = /bin/sh;
			shellScript = "\"${PODS_ROOT}/Target Support Files/Pods-HelloWord/Pods-HelloWord-frameworks.sh\"\n";
			showEnvVarsInLog = 0;
		};
/* End PBXShellScriptBuildPhase section */

/* Begin PBXSourcesBuildPhase section */
		2D853F252338B9730008F84A /* Sources */ = {
			isa = PBXSourcesBuildPhase;
			buildActionMask = 2147483647;
			files = (
				C546C2A2234CC16D00E73B67 /* Parser.swift in Sources */,
				2DFB0D05235459B1009C154D /* OCRModel.swift in Sources */,
				2D853F612338B98E0008F84A /* StrokeCollection.swift in Sources */,
				D1400DA62355A849008BBDD0 /* DealwithDatabase.swift in Sources */,
				2D853F602338B98E0008F84A /* UIColorExtensions.swift in Sources */,
				C546C2EE234CC3D400E73B67 /* UIImageTintExtension.swift in Sources */,
				2D853F562338B98E0008F84A /* RouletteCell.swift in Sources */,
				C546C2F4234CC3D400E73B67 /* PresentationModel.swift in Sources */,
				2D853F512338B98E0008F84A /* CenterView.swift in Sources */,
				2D853F542338B98E0008F84A /* CellView.swift in Sources */,
				C546C2F5234CC3D400E73B67 /* ColorModeModel.swift in Sources */,
				EE961676235839D0001C1BA8 /* UIViewExtension.swift in Sources */,
				C546C2A7234CC19200E73B67 /* TableDelegate.swift in Sources */,
				2D853F5B2338B98E0008F84A /* StrokeGestureRecognizer.swift in Sources */,
				C546C2F0234CC3D400E73B67 /* UIColorRainbowCrayonsExtension.swift in Sources */,
				EE4E898023571A1E007CAAEA /* AddDatabase.swift in Sources */,
				C546C2FD234CC3D400E73B67 /* Designer.swift in Sources */,
				C546C2EF234CC3D400E73B67 /* MLog.swift in Sources */,
				2DFB0D002353F7BF009C154D /* LinkTextView.swift in Sources */,
				2D853F532338B98E0008F84A /* CGDrawingEngine.swift in Sources */,
				C546C2F6234CC3D400E73B67 /* DesignerModel.swift in Sources */,
				C546C2FA234CC3D400E73B67 /* PageCollectionViewCell.swift in Sources */,
				D1400DB52355C99C008BBDD0 /* FluidTemplate.swift in Sources */,
				C546C2A5234CC16D00E73B67 /* Word.swift in Sources */,
				2D52CEC52350457F00CBBD3D /* TextCell.swift in Sources */,
				2DFB0D0923546A87009C154D /* ImageViewExtension.swift in Sources */,
				C546C2A3234CC16D00E73B67 /* Helloword.swift in Sources */,
				2D60EA8D234F8C9E002B4887 /* UIViewControllerExtension.swift in Sources */,
				C54498A723575A0C0000A231 /* Models.swift in Sources */,
				C546C2FF234CC3D400E73B67 /* DesignerCollectionViewDelegate.swift in Sources */,
				2D853F5C2338B98E0008F84A /* CanvasContainerView.swift in Sources */,
				2D29EE092355E7D200CE1FFC /* HelloWord.xcdatamodeld in Sources */,
				C546C2FE234CC3D400E73B67 /* PageCollectionViewDelegate.swift in Sources */,
				C546C2F8234CC3D400E73B67 /* DesignerStub.swift in Sources */,
				2D853F552338B98E0008F84A /* OutlineViewController.swift in Sources */,
				D1400DB12355B707008BBDD0 /* PageInfo.swift in Sources */,
				2D853F582338B98E0008F84A /* RouletteView.swift in Sources */,
				2D60EA8B234F70A4002B4887 /* DocumentBrowserViewController.swift in Sources */,
				C546C2F9234CC3D400E73B67 /* SingleSlideView.swift in Sources */,
				C546C301234CC3FA00E73B67 /* SlideViewController.swift in Sources */,
				2D853F2D2338B9730008F84A /* AppDelegate.swift in Sources */,
				EE26AFED2358B0920046BAE3 /* ExPPT.swift in Sources */,
				C54498A523575A080000A231 /* SceneDelegate.swift in Sources */,
				2D60EA89234F7096002B4887 /* Document.swift in Sources */,
				C546C2FB234CC3D400E73B67 /* DesignerCollectionViewCell.swift in Sources */,
				C546C2FC234CC3D400E73B67 /* DesignerTemplate.swift in Sources */,
				2DFB0D04235459B1009C154D /* ImageOCR.swift in Sources */,
				2DFB0D0723546A3F009C154D /* ImageHelper.swift in Sources */,
				2D853F5E2338B98E0008F84A /* CGMathExtensions.swift in Sources */,
				D1400DB32355C599008BBDD0 /* extension.swift in Sources */,
			);
			runOnlyForDeploymentPostprocessing = 0;
		};
/* End PBXSourcesBuildPhase section */

/* Begin XCBuildConfiguration section */
		2D853F392338B97A0008F84A /* Debug */ = {
			isa = XCBuildConfiguration;
			buildSettings = {
				ALWAYS_SEARCH_USER_PATHS = NO;
				CLANG_ANALYZER_NONNULL = YES;
				CLANG_ANALYZER_NUMBER_OBJECT_CONVERSION = YES_AGGRESSIVE;
				CLANG_CXX_LANGUAGE_STANDARD = "gnu++14";
				CLANG_CXX_LIBRARY = "libc++";
				CLANG_ENABLE_MODULES = YES;
				CLANG_ENABLE_OBJC_ARC = YES;
				CLANG_ENABLE_OBJC_WEAK = YES;
				CLANG_WARN_BLOCK_CAPTURE_AUTORELEASING = YES;
				CLANG_WARN_BOOL_CONVERSION = YES;
				CLANG_WARN_COMMA = YES;
				CLANG_WARN_CONSTANT_CONVERSION = YES;
				CLANG_WARN_DEPRECATED_OBJC_IMPLEMENTATIONS = YES;
				CLANG_WARN_DIRECT_OBJC_ISA_USAGE = YES_ERROR;
				CLANG_WARN_DOCUMENTATION_COMMENTS = YES;
				CLANG_WARN_EMPTY_BODY = YES;
				CLANG_WARN_ENUM_CONVERSION = YES;
				CLANG_WARN_INFINITE_RECURSION = YES;
				CLANG_WARN_INT_CONVERSION = YES;
				CLANG_WARN_NON_LITERAL_NULL_CONVERSION = YES;
				CLANG_WARN_OBJC_IMPLICIT_RETAIN_SELF = YES;
				CLANG_WARN_OBJC_LITERAL_CONVERSION = YES;
				CLANG_WARN_OBJC_ROOT_CLASS = YES_ERROR;
				CLANG_WARN_RANGE_LOOP_ANALYSIS = YES;
				CLANG_WARN_STRICT_PROTOTYPES = YES;
				CLANG_WARN_SUSPICIOUS_MOVE = YES;
				CLANG_WARN_UNGUARDED_AVAILABILITY = YES_AGGRESSIVE;
				CLANG_WARN_UNREACHABLE_CODE = YES;
				CLANG_WARN__DUPLICATE_METHOD_MATCH = YES;
				CODE_SIGN_IDENTITY = "iPhone Developer";
				COPY_PHASE_STRIP = NO;
				DEBUG_INFORMATION_FORMAT = dwarf;
				ENABLE_STRICT_OBJC_MSGSEND = YES;
				ENABLE_TESTABILITY = YES;
				GCC_C_LANGUAGE_STANDARD = gnu11;
				GCC_DYNAMIC_NO_PIC = NO;
				GCC_NO_COMMON_BLOCKS = YES;
				GCC_OPTIMIZATION_LEVEL = 0;
				GCC_PREPROCESSOR_DEFINITIONS = (
					"DEBUG=1",
					"$(inherited)",
				);
				GCC_WARN_64_TO_32_BIT_CONVERSION = YES;
				GCC_WARN_ABOUT_RETURN_TYPE = YES_ERROR;
				GCC_WARN_UNDECLARED_SELECTOR = YES;
				GCC_WARN_UNINITIALIZED_AUTOS = YES_AGGRESSIVE;
				GCC_WARN_UNUSED_FUNCTION = YES;
				GCC_WARN_UNUSED_VARIABLE = YES;
				IPHONEOS_DEPLOYMENT_TARGET = 13.0;
				MTL_ENABLE_DEBUG_INFO = INCLUDE_SOURCE;
				MTL_FAST_MATH = YES;
				ONLY_ACTIVE_ARCH = YES;
				SDKROOT = iphoneos;
				SWIFT_ACTIVE_COMPILATION_CONDITIONS = DEBUG;
				SWIFT_OPTIMIZATION_LEVEL = "-Onone";
			};
			name = Debug;
		};
		2D853F3A2338B97A0008F84A /* Release */ = {
			isa = XCBuildConfiguration;
			buildSettings = {
				ALWAYS_SEARCH_USER_PATHS = NO;
				CLANG_ANALYZER_NONNULL = YES;
				CLANG_ANALYZER_NUMBER_OBJECT_CONVERSION = YES_AGGRESSIVE;
				CLANG_CXX_LANGUAGE_STANDARD = "gnu++14";
				CLANG_CXX_LIBRARY = "libc++";
				CLANG_ENABLE_MODULES = YES;
				CLANG_ENABLE_OBJC_ARC = YES;
				CLANG_ENABLE_OBJC_WEAK = YES;
				CLANG_WARN_BLOCK_CAPTURE_AUTORELEASING = YES;
				CLANG_WARN_BOOL_CONVERSION = YES;
				CLANG_WARN_COMMA = YES;
				CLANG_WARN_CONSTANT_CONVERSION = YES;
				CLANG_WARN_DEPRECATED_OBJC_IMPLEMENTATIONS = YES;
				CLANG_WARN_DIRECT_OBJC_ISA_USAGE = YES_ERROR;
				CLANG_WARN_DOCUMENTATION_COMMENTS = YES;
				CLANG_WARN_EMPTY_BODY = YES;
				CLANG_WARN_ENUM_CONVERSION = YES;
				CLANG_WARN_INFINITE_RECURSION = YES;
				CLANG_WARN_INT_CONVERSION = YES;
				CLANG_WARN_NON_LITERAL_NULL_CONVERSION = YES;
				CLANG_WARN_OBJC_IMPLICIT_RETAIN_SELF = YES;
				CLANG_WARN_OBJC_LITERAL_CONVERSION = YES;
				CLANG_WARN_OBJC_ROOT_CLASS = YES_ERROR;
				CLANG_WARN_RANGE_LOOP_ANALYSIS = YES;
				CLANG_WARN_STRICT_PROTOTYPES = YES;
				CLANG_WARN_SUSPICIOUS_MOVE = YES;
				CLANG_WARN_UNGUARDED_AVAILABILITY = YES_AGGRESSIVE;
				CLANG_WARN_UNREACHABLE_CODE = YES;
				CLANG_WARN__DUPLICATE_METHOD_MATCH = YES;
				CODE_SIGN_IDENTITY = "iPhone Developer";
				COPY_PHASE_STRIP = NO;
				DEBUG_INFORMATION_FORMAT = "dwarf-with-dsym";
				ENABLE_NS_ASSERTIONS = NO;
				ENABLE_STRICT_OBJC_MSGSEND = YES;
				GCC_C_LANGUAGE_STANDARD = gnu11;
				GCC_NO_COMMON_BLOCKS = YES;
				GCC_WARN_64_TO_32_BIT_CONVERSION = YES;
				GCC_WARN_ABOUT_RETURN_TYPE = YES_ERROR;
				GCC_WARN_UNDECLARED_SELECTOR = YES;
				GCC_WARN_UNINITIALIZED_AUTOS = YES_AGGRESSIVE;
				GCC_WARN_UNUSED_FUNCTION = YES;
				GCC_WARN_UNUSED_VARIABLE = YES;
				IPHONEOS_DEPLOYMENT_TARGET = 13.0;
				MTL_ENABLE_DEBUG_INFO = NO;
				MTL_FAST_MATH = YES;
				SDKROOT = iphoneos;
				SWIFT_COMPILATION_MODE = wholemodule;
				SWIFT_OPTIMIZATION_LEVEL = "-O";
				VALIDATE_PRODUCT = YES;
			};
			name = Release;
		};
		2D853F3C2338B97A0008F84A /* Debug */ = {
			isa = XCBuildConfiguration;
			baseConfigurationReference = C240AC1F2929D8E0A239FBF7 /* Pods-HelloWord.debug.xcconfig */;
			buildSettings = {
				ASSETCATALOG_COMPILER_APPICON_NAME = AppIcon;
				CODE_SIGN_STYLE = Automatic;
				DEVELOPMENT_TEAM = WSQT6M3JKB;
				INFOPLIST_FILE = HelloWord/Info.plist;
				LD_RUNPATH_SEARCH_PATHS = (
					"$(inherited)",
					"@executable_path/Frameworks",
				);
				PRODUCT_BUNDLE_IDENTIFIER = fb.MiaoMiaoMiao;
				PRODUCT_NAME = "$(TARGET_NAME)";
				SWIFT_VERSION = 5.0;
				TARGETED_DEVICE_FAMILY = 2;
			};
			name = Debug;
		};
		2D853F3D2338B97A0008F84A /* Release */ = {
			isa = XCBuildConfiguration;
			baseConfigurationReference = 8D1B248A21DF5553F7280C61 /* Pods-HelloWord.release.xcconfig */;
			buildSettings = {
				ASSETCATALOG_COMPILER_APPICON_NAME = AppIcon;
				CODE_SIGN_STYLE = Automatic;
				DEVELOPMENT_TEAM = WSQT6M3JKB;
				INFOPLIST_FILE = HelloWord/Info.plist;
				LD_RUNPATH_SEARCH_PATHS = (
					"$(inherited)",
					"@executable_path/Frameworks",
				);
				PRODUCT_BUNDLE_IDENTIFIER = fb.MiaoMiaoMiao;
				PRODUCT_NAME = "$(TARGET_NAME)";
				SWIFT_VERSION = 5.0;
				TARGETED_DEVICE_FAMILY = 2;
			};
			name = Release;
		};
/* End XCBuildConfiguration section */

/* Begin XCConfigurationList section */
		2D853F242338B9730008F84A /* Build configuration list for PBXProject "HelloWord" */ = {
			isa = XCConfigurationList;
			buildConfigurations = (
				2D853F392338B97A0008F84A /* Debug */,
				2D853F3A2338B97A0008F84A /* Release */,
			);
			defaultConfigurationIsVisible = 0;
			defaultConfigurationName = Release;
		};
		2D853F3B2338B97A0008F84A /* Build configuration list for PBXNativeTarget "HelloWord" */ = {
			isa = XCConfigurationList;
			buildConfigurations = (
				2D853F3C2338B97A0008F84A /* Debug */,
				2D853F3D2338B97A0008F84A /* Release */,
			);
			defaultConfigurationIsVisible = 0;
			defaultConfigurationName = Release;
		};
/* End XCConfigurationList section */

/* Begin XCVersionGroup section */
		2D29EE072355E7D200CE1FFC /* HelloWord.xcdatamodeld */ = {
			isa = XCVersionGroup;
			children = (
				2D29EE082355E7D200CE1FFC /* DrawShape.xcdatamodel */,
			);
			currentVersion = 2D29EE082355E7D200CE1FFC /* DrawShape.xcdatamodel */;
			path = HelloWord.xcdatamodeld;
			sourceTree = "<group>";
			versionGroupType = wrapper.xcdatamodel;
		};
/* End XCVersionGroup section */
	};
	rootObject = 2D853F212338B9730008F84A /* Project object */;
}
